// !$*UTF8*$!
{
	archiveVersion = 1;
	classes = {
	};
	objectVersion = 48;
	objects = {

/* Begin PBXBuildFile section */
		6A3B0C171F8D276200C238C8 /* AppDelegate.m in Sources */ = {isa = PBXBuildFile; fileRef = 6A3B0C161F8D276200C238C8 /* AppDelegate.m */; };
		6A3B0C1D1F8D276200C238C8 /* Main.storyboard in Resources */ = {isa = PBXBuildFile; fileRef = 6A3B0C1B1F8D276200C238C8 /* Main.storyboard */; };
		6A3B0C1F1F8D276200C238C8 /* Assets.xcassets in Resources */ = {isa = PBXBuildFile; fileRef = 6A3B0C1E1F8D276200C238C8 /* Assets.xcassets */; };
		6A3B0C221F8D276200C238C8 /* LaunchScreen.storyboard in Resources */ = {isa = PBXBuildFile; fileRef = 6A3B0C201F8D276200C238C8 /* LaunchScreen.storyboard */; };
		6A3B0C251F8D276200C238C8 /* main.m in Sources */ = {isa = PBXBuildFile; fileRef = 6A3B0C241F8D276200C238C8 /* main.m */; };
		6A3B0C311F8D2DE700C238C8 /* Pokemon.m in Sources */ = {isa = PBXBuildFile; fileRef = 6A3B0C301F8D2DE700C238C8 /* Pokemon.m */; };
		6A3B0C341F8D3D1B00C238C8 /* PokemonController.m in Sources */ = {isa = PBXBuildFile; fileRef = 6A3B0C331F8D3D1B00C238C8 /* PokemonController.m */; };
		6A3B0C371F8D3D4600C238C8 /* NetworkController.swift in Sources */ = {isa = PBXBuildFile; fileRef = 6A3B0C361F8D3D4600C238C8 /* NetworkController.swift */; };
		6A3B0C391F8D47C200C238C8 /* PokemonViewController.swift in Sources */ = {isa = PBXBuildFile; fileRef = 6A3B0C381F8D47C200C238C8 /* PokemonViewController.swift */; };
/* End PBXBuildFile section */

/* Begin PBXFileReference section */
		6A3B0C121F8D276200C238C8 /* PokemonHybrid.app */ = {isa = PBXFileReference; explicitFileType = wrapper.application; includeInIndex = 0; path = PokemonHybrid.app; sourceTree = BUILT_PRODUCTS_DIR; };
		6A3B0C151F8D276200C238C8 /* AppDelegate.h */ = {isa = PBXFileReference; lastKnownFileType = sourcecode.c.h; path = AppDelegate.h; sourceTree = "<group>"; };
		6A3B0C161F8D276200C238C8 /* AppDelegate.m */ = {isa = PBXFileReference; lastKnownFileType = sourcecode.c.objc; path = AppDelegate.m; sourceTree = "<group>"; };
		6A3B0C1C1F8D276200C238C8 /* Base */ = {isa = PBXFileReference; lastKnownFileType = file.storyboard; name = Base; path = Base.lproj/Main.storyboard; sourceTree = "<group>"; };
		6A3B0C1E1F8D276200C238C8 /* Assets.xcassets */ = {isa = PBXFileReference; lastKnownFileType = folder.assetcatalog; path = Assets.xcassets; sourceTree = "<group>"; };
		6A3B0C211F8D276200C238C8 /* Base */ = {isa = PBXFileReference; lastKnownFileType = file.storyboard; name = Base; path = Base.lproj/LaunchScreen.storyboard; sourceTree = "<group>"; };
		6A3B0C231F8D276200C238C8 /* Info.plist */ = {isa = PBXFileReference; lastKnownFileType = text.plist.xml; path = Info.plist; sourceTree = "<group>"; };
		6A3B0C241F8D276200C238C8 /* main.m */ = {isa = PBXFileReference; lastKnownFileType = sourcecode.c.objc; path = main.m; sourceTree = "<group>"; };
		6A3B0C2F1F8D2DE700C238C8 /* Pokemon.h */ = {isa = PBXFileReference; lastKnownFileType = sourcecode.c.h; path = Pokemon.h; sourceTree = "<group>"; };
		6A3B0C301F8D2DE700C238C8 /* Pokemon.m */ = {isa = PBXFileReference; lastKnownFileType = sourcecode.c.objc; path = Pokemon.m; sourceTree = "<group>"; };
		6A3B0C321F8D3D1B00C238C8 /* PokemonController.h */ = {isa = PBXFileReference; lastKnownFileType = sourcecode.c.h; path = PokemonController.h; sourceTree = "<group>"; };
		6A3B0C331F8D3D1B00C238C8 /* PokemonController.m */ = {isa = PBXFileReference; lastKnownFileType = sourcecode.c.objc; path = PokemonController.m; sourceTree = "<group>"; };
		6A3B0C351F8D3D4600C238C8 /* PokemonHybrid-Bridging-Header.h */ = {isa = PBXFileReference; lastKnownFileType = sourcecode.c.h; path = "PokemonHybrid-Bridging-Header.h"; sourceTree = "<group>"; };
		6A3B0C361F8D3D4600C238C8 /* NetworkController.swift */ = {isa = PBXFileReference; lastKnownFileType = sourcecode.swift; path = NetworkController.swift; sourceTree = "<group>"; };
		6A3B0C381F8D47C200C238C8 /* PokemonViewController.swift */ = {isa = PBXFileReference; lastKnownFileType = sourcecode.swift; path = PokemonViewController.swift; sourceTree = "<group>"; };
/* End PBXFileReference section */

/* Begin PBXFrameworksBuildPhase section */
		6A3B0C0F1F8D276200C238C8 /* Frameworks */ = {
			isa = PBXFrameworksBuildPhase;
			buildActionMask = 2147483647;
			files = (
			);
			runOnlyForDeploymentPostprocessing = 0;
		};
/* End PBXFrameworksBuildPhase section */

/* Begin PBXGroup section */
		6A3B0C091F8D276200C238C8 = {
			isa = PBXGroup;
			children = (
				6A3B0C141F8D276200C238C8 /* PokemonHybrid */,
				6A3B0C131F8D276200C238C8 /* Products */,
			);
			sourceTree = "<group>";
		};
		6A3B0C131F8D276200C238C8 /* Products */ = {
			isa = PBXGroup;
			children = (
				6A3B0C121F8D276200C238C8 /* PokemonHybrid.app */,
			);
			name = Products;
			sourceTree = "<group>";
		};
		6A3B0C141F8D276200C238C8 /* PokemonHybrid */ = {
			isa = PBXGroup;
			children = (
				6A3B0C2B1F8D2BDD00C238C8 /* Model */,
				6A3B0C2C1F8D2BE300C238C8 /* Model Controller */,
				6A3B0C2D1F8D2BEA00C238C8 /* View Controller */,
				6A3B0C2E1F8D2BF600C238C8 /* Storyboards */,
				6A3B0C151F8D276200C238C8 /* AppDelegate.h */,
				6A3B0C161F8D276200C238C8 /* AppDelegate.m */,
				6A3B0C1E1F8D276200C238C8 /* Assets.xcassets */,
				6A3B0C231F8D276200C238C8 /* Info.plist */,
				6A3B0C241F8D276200C238C8 /* main.m */,
			);
			path = PokemonHybrid;
			sourceTree = "<group>";
		};
		6A3B0C2B1F8D2BDD00C238C8 /* Model */ = {
			isa = PBXGroup;
			children = (
				6A3B0C2F1F8D2DE700C238C8 /* Pokemon.h */,
				6A3B0C301F8D2DE700C238C8 /* Pokemon.m */,
			);
			path = Model;
			sourceTree = "<group>";
		};
		6A3B0C2C1F8D2BE300C238C8 /* Model Controller */ = {
			isa = PBXGroup;
			children = (
				6A3B0C321F8D3D1B00C238C8 /* PokemonController.h */,
				6A3B0C331F8D3D1B00C238C8 /* PokemonController.m */,
				6A3B0C361F8D3D4600C238C8 /* NetworkController.swift */,
				6A3B0C351F8D3D4600C238C8 /* PokemonHybrid-Bridging-Header.h */,
			);
			path = "Model Controller";
			sourceTree = "<group>";
		};
		6A3B0C2D1F8D2BEA00C238C8 /* View Controller */ = {
			isa = PBXGroup;
			children = (
				6A3B0C381F8D47C200C238C8 /* PokemonViewController.swift */,
			);
			path = "View Controller";
			sourceTree = "<group>";
		};
		6A3B0C2E1F8D2BF600C238C8 /* Storyboards */ = {
			isa = PBXGroup;
			children = (
				6A3B0C1B1F8D276200C238C8 /* Main.storyboard */,
				6A3B0C201F8D276200C238C8 /* LaunchScreen.storyboard */,
			);
			path = Storyboards;
			sourceTree = "<group>";
		};
/* End PBXGroup section */

/* Begin PBXNativeTarget section */
		6A3B0C111F8D276200C238C8 /* PokemonHybrid */ = {
			isa = PBXNativeTarget;
			buildConfigurationList = 6A3B0C281F8D276200C238C8 /* Build configuration list for PBXNativeTarget "PokemonHybrid" */;
			buildPhases = (
				6A3B0C0E1F8D276200C238C8 /* Sources */,
				6A3B0C0F1F8D276200C238C8 /* Frameworks */,
				6A3B0C101F8D276200C238C8 /* Resources */,
			);
			buildRules = (
			);
			dependencies = (
			);
			name = PokemonHybrid;
			productName = PokemonHybrid;
			productReference = 6A3B0C121F8D276200C238C8 /* PokemonHybrid.app */;
			productType = "com.apple.product-type.application";
		};
/* End PBXNativeTarget section */

/* Begin PBXProject section */
		6A3B0C0A1F8D276200C238C8 /* Project object */ = {
			isa = PBXProject;
			attributes = {
				LastUpgradeCheck = 0900;
				ORGANIZATIONNAME = "Daniel Jin";
				TargetAttributes = {
					6A3B0C111F8D276200C238C8 = {
						CreatedOnToolsVersion = 9.0;
						LastSwiftMigration = 0900;
						ProvisioningStyle = Automatic;
					};
				};
			};
			buildConfigurationList = 6A3B0C0D1F8D276200C238C8 /* Build configuration list for PBXProject "PokemonHybrid" */;
			compatibilityVersion = "Xcode 8.0";
			developmentRegion = en;
			hasScannedForEncodings = 0;
			knownRegions = (
				en,
				Base,
			);
			mainGroup = 6A3B0C091F8D276200C238C8;
			productRefGroup = 6A3B0C131F8D276200C238C8 /* Products */;
			projectDirPath = "";
			projectRoot = "";
			targets = (
				6A3B0C111F8D276200C238C8 /* PokemonHybrid */,
			);
		};
/* End PBXProject section */

/* Begin PBXResourcesBuildPhase section */
		6A3B0C101F8D276200C238C8 /* Resources */ = {
			isa = PBXResourcesBuildPhase;
			buildActionMask = 2147483647;
			files = (
				6A3B0C221F8D276200C238C8 /* LaunchScreen.storyboard in Resources */,
				6A3B0C1F1F8D276200C238C8 /* Assets.xcassets in Resources */,
				6A3B0C1D1F8D276200C238C8 /* Main.storyboard in Resources */,
			);
			runOnlyForDeploymentPostprocessing = 0;
		};
/* End PBXResourcesBuildPhase section */

/* Begin PBXSourcesBuildPhase section */
		6A3B0C0E1F8D276200C238C8 /* Sources */ = {
			isa = PBXSourcesBuildPhase;
			buildActionMask = 2147483647;
			files = (
				6A3B0C371F8D3D4600C238C8 /* NetworkController.swift in Sources */,
				6A3B0C311F8D2DE700C238C8 /* Pokemon.m in Sources */,
				6A3B0C391F8D47C200C238C8 /* PokemonViewController.swift in Sources */,
				6A3B0C251F8D276200C238C8 /* main.m in Sources */,
				6A3B0C171F8D276200C238C8 /* AppDelegate.m in Sources */,
				6A3B0C341F8D3D1B00C238C8 /* PokemonController.m in Sources */,
			);
			runOnlyForDeploymentPostprocessing = 0;
		};
/* End PBXSourcesBuildPhase section */

/* Begin PBXVariantGroup section */
		6A3B0C1B1F8D276200C238C8 /* Main.storyboard */ = {
			isa = PBXVariantGroup;
			children = (
				6A3B0C1C1F8D276200C238C8 /* Base */,
			);
			name = Main.storyboard;
			sourceTree = "<group>";
		};
		6A3B0C201F8D276200C238C8 /* LaunchScreen.storyboard */ = {
			isa = PBXVariantGroup;
			children = (
				6A3B0C211F8D276200C238C8 /* Base */,
			);
			name = LaunchScreen.storyboard;
			sourceTree = "<group>";
		};
/* End PBXVariantGroup section */

/* Begin XCBuildConfiguration section */
		6A3B0C261F8D276200C238C8 /* Debug */ = {
			isa = XCBuildConfiguration;
			buildSettings = {
				ALWAYS_SEARCH_USER_PATHS = NO;
				CLANG_ANALYZER_NONNULL = YES;
				CLANG_ANALYZER_NUMBER_OBJECT_CONVERSION = YES_AGGRESSIVE;
				CLANG_CXX_LANGUAGE_STANDARD = "gnu++14";
				CLANG_CXX_LIBRARY = "libc++";
				CLANG_ENABLE_MODULES = YES;
				CLANG_ENABLE_OBJC_ARC = YES;
				CLANG_WARN_BLOCK_CAPTURE_AUTORELEASING = YES;
				CLANG_WARN_BOOL_CONVERSION = YES;
				CLANG_WARN_COMMA = YES;
				CLANG_WARN_CONSTANT_CONVERSION = YES;
				CLANG_WARN_DIRECT_OBJC_ISA_USAGE = YES_ERROR;
				CLANG_WARN_DOCUMENTATION_COMMENTS = YES;
				CLANG_WARN_EMPTY_BODY = YES;
				CLANG_WARN_ENUM_CONVERSION = YES;
				CLANG_WARN_INFINITE_RECURSION = YES;
				CLANG_WARN_INT_CONVERSION = YES;
				CLANG_WARN_NON_LITERAL_NULL_CONVERSION = YES;
				CLANG_WARN_OBJC_LITERAL_CONVERSION = YES;
				CLANG_WARN_OBJC_ROOT_CLASS = YES_ERROR;
				CLANG_WARN_RANGE_LOOP_ANALYSIS = YES;
				CLANG_WARN_STRICT_PROTOTYPES = YES;
				CLANG_WARN_SUSPICIOUS_MOVE = YES;
				CLANG_WARN_UNGUARDED_AVAILABILITY = YES_AGGRESSIVE;
				CLANG_WARN_UNREACHABLE_CODE = YES;
				CLANG_WARN__DUPLICATE_METHOD_MATCH = YES;
				CODE_SIGN_IDENTITY = "iPhone Developer";
				COPY_PHASE_STRIP = NO;
				DEBUG_INFORMATION_FORMAT = dwarf;
				ENABLE_STRICT_OBJC_MSGSEND = YES;
				ENABLE_TESTABILITY = YES;
				GCC_C_LANGUAGE_STANDARD = gnu11;
				GCC_DYNAMIC_NO_PIC = NO;
				GCC_NO_COMMON_BLOCKS = YES;
				GCC_OPTIMIZATION_LEVEL = 0;
				GCC_PREPROCESSOR_DEFINITIONS = (
					"DEBUG=1",
					"$(inherited)",
				);
				GCC_WARN_64_TO_32_BIT_CONVERSION = YES;
				GCC_WARN_ABOUT_RETURN_TYPE = YES_ERROR;
				GCC_WARN_UNDECLARED_SELECTOR = YES;
				GCC_WARN_UNINITIALIZED_AUTOS = YES_AGGRESSIVE;
				GCC_WARN_UNUSED_FUNCTION = YES;
				GCC_WARN_UNUSED_VARIABLE = YES;
				IPHONEOS_DEPLOYMENT_TARGET = 11.0;
				MTL_ENABLE_DEBUG_INFO = YES;
				ONLY_ACTIVE_ARCH = YES;
				SDKROOT = iphoneos;
			};
			name = Debug;
		};
		6A3B0C271F8D276200C238C8 /* Release */ = {
			isa = XCBuildConfiguration;
			buildSettings = {
				ALWAYS_SEARCH_USER_PATHS = NO;
				CLANG_ANALYZER_NONNULL = YES;
				CLANG_ANALYZER_NUMBER_OBJECT_CONVERSION = YES_AGGRESSIVE;
				CLANG_CXX_LANGUAGE_STANDARD = "gnu++14";
				CLANG_CXX_LIBRARY = "libc++";
				CLANG_ENABLE_MODULES = YES;
				CLANG_ENABLE_OBJC_ARC = YES;
				CLANG_WARN_BLOCK_CAPTURE_AUTORELEASING = YES;
				CLANG_WARN_BOOL_CONVERSION = YES;
				CLANG_WARN_COMMA = YES;
				CLANG_WARN_CONSTANT_CONVERSION = YES;
				CLANG_WARN_DIRECT_OBJC_ISA_USAGE = YES_ERROR;
				CLANG_WARN_DOCUMENTATION_COMMENTS = YES;
				CLANG_WARN_EMPTY_BODY = YES;
				CLANG_WARN_ENUM_CONVERSION = YES;
				CLANG_WARN_INFINITE_RECURSION = YES;
				CLANG_WARN_INT_CONVERSION = YES;
				CLANG_WARN_NON_LITERAL_NULL_CONVERSION = YES;
				CLANG_WARN_OBJC_LITERAL_CONVERSION = YES;
				CLANG_WARN_OBJC_ROOT_CLASS = YES_ERROR;
				CLANG_WARN_RANGE_LOOP_ANALYSIS = YES;
				CLANG_WARN_STRICT_PROTOTYPES = YES;
				CLANG_WARN_SUSPICIOUS_MOVE = YES;
				CLANG_WARN_UNGUARDED_AVAILABILITY = YES_AGGRESSIVE;
				CLANG_WARN_UNREACHABLE_CODE = YES;
				CLANG_WARN__DUPLICATE_METHOD_MATCH = YES;
				CODE_SIGN_IDENTITY = "iPhone Developer";
				COPY_PHASE_STRIP = NO;
				DEBUG_INFORMATION_FORMAT = "dwarf-with-dsym";
				ENABLE_NS_ASSERTIONS = NO;
				ENABLE_STRICT_OBJC_MSGSEND = YES;
				GCC_C_LANGUAGE_STANDARD = gnu11;
				GCC_NO_COMMON_BLOCKS = YES;
				GCC_WARN_64_TO_32_BIT_CONVERSION = YES;
				GCC_WARN_ABOUT_RETURN_TYPE = YES_ERROR;
				GCC_WARN_UNDECLARED_SELECTOR = YES;
				GCC_WARN_UNINITIALIZED_AUTOS = YES_AGGRESSIVE;
				GCC_WARN_UNUSED_FUNCTION = YES;
				GCC_WARN_UNUSED_VARIABLE = YES;
				IPHONEOS_DEPLOYMENT_TARGET = 11.0;
				MTL_ENABLE_DEBUG_INFO = NO;
				SDKROOT = iphoneos;
				VALIDATE_PRODUCT = YES;
			};
			name = Release;
		};
		6A3B0C291F8D276200C238C8 /* Debug */ = {
			isa = XCBuildConfiguration;
			buildSettings = {
				ASSETCATALOG_COMPILER_APPICON_NAME = AppIcon;
				CLANG_ENABLE_MODULES = YES;
				CODE_SIGN_STYLE = Automatic;
				DEVELOPMENT_TEAM = Q2LRP9G435;
				INFOPLIST_FILE = PokemonHybrid/Info.plist;
				LD_RUNPATH_SEARCH_PATHS = "$(inherited) @executable_path/Frameworks";
				PRODUCT_BUNDLE_IDENTIFIER = com.DanielJin.PokemonHybrid;
				PRODUCT_NAME = "$(TARGET_NAME)";
				SWIFT_OBJC_BRIDGING_HEADER = "PokemonHybrid/Model Controller/PokemonHybrid-Bridging-Header.h";
				SWIFT_OPTIMIZATION_LEVEL = "-Onone";
				SWIFT_VERSION = 3.0;
				TARGETED_DEVICE_FAMILY = "1,2";
			};
			name = Debug;
		};
		6A3B0C2A1F8D276200C238C8 /* Release */ = {
			isa = XCBuildConfiguration;
			buildSettings = {
				ASSETCATALOG_COMPILER_APPICON_NAME = AppIcon;
				CLANG_ENABLE_MODULES = YES;
				CODE_SIGN_STYLE = Automatic;
				DEVELOPMENT_TEAM = Q2LRP9G435;
				INFOPLIST_FILE = PokemonHybrid/Info.plist;
				LD_RUNPATH_SEARCH_PATHS = "$(inherited) @executable_path/Frameworks";
				PRODUCT_BUNDLE_IDENTIFIER = com.DanielJin.PokemonHybrid;
				PRODUCT_NAME = "$(TARGET_NAME)";
				SWIFT_OBJC_BRIDGING_HEADER = "PokemonHybrid/Model Controller/PokemonHybrid-Bridging-Header.h";
				SWIFT_VERSION = 3.0;
				TARGETED_DEVICE_FAMILY = "1,2";
			};
			name = Release;
		};
/* End XCBuildConfiguration section */

/* Begin XCConfigurationList section */
		6A3B0C0D1F8D276200C238C8 /* Build configuration list for PBXProject "PokemonHybrid" */ = {
			isa = XCConfigurationList;
			buildConfigurations = (
				6A3B0C261F8D276200C238C8 /* Debug */,
				6A3B0C271F8D276200C238C8 /* Release */,
			);
			defaultConfigurationIsVisible = 0;
			defaultConfigurationName = Release;
		};
		6A3B0C281F8D276200C238C8 /* Build configuration list for PBXNativeTarget "PokemonHybrid" */ = {
			isa = XCConfigurationList;
			buildConfigurations = (
				6A3B0C291F8D276200C238C8 /* Debug */,
				6A3B0C2A1F8D276200C238C8 /* Release */,
			);
			defaultConfigurationIsVisible = 0;
			defaultConfigurationName = Release;
		};
/* End XCConfigurationList section */
	};
	rootObject = 6A3B0C0A1F8D276200C238C8 /* Project object */;
}
